{
  "version": 1,
  "dependencies": {
    "net8.0": {
      "AWSSDK.S3": {
        "type": "Direct",
        "requested": "[4.0.18.6, )",
        "resolved": "4.0.18.6",
        "contentHash": "RJUZT6HN4/xpYnUrjES2wiH1XooR7+cha5+enUb+TXjYMIDhLDG9wmoH0An3wViFUjXKL/ih3hpZg9yC3RDQAw==",
        "dependencies": {
          "AWSSDK.Core": "[4.0.3.12, 5.0.0)"
        }
      },
      "Confluent.Kafka": {
        "type": "Direct",
        "requested": "[2.12.0, )",
        "resolved": "2.12.0",
        "contentHash": "UAiz9Xogy9Xqo6Y1ogKesH0tzk03ilw5UmwkVMFqZXQvf/1vFyTyVbzed22xS231UP43Z2aib6hzgruErM74lw==",
        "dependencies": {
          "librdkafka.redist": "2.12.0"
        }
      },
      "Fido2.AspNet": {
        "type": "Direct",
        "requested": "[2.0.2, )",
        "resolved": "2.0.2",
        "contentHash": "qUiaBS/Q2uVFQ/kJfvyJUE/E+6cMRapAE+LmfEZpHmYe//aU014a9yVV4HGHrXHpvVpw8URRtQUrRaOLLYglgQ==",
        "dependencies": {
          "Fido2": "2.0.2",
          "Fido2.Models": "2.0.2",
          "Microsoft.Extensions.Caching.Abstractions": "2.2.0",
          "Microsoft.Extensions.Configuration.Abstractions": "3.1.5",
          "Microsoft.Extensions.DependencyInjection.Abstractions": "3.1.5",
          "Microsoft.Extensions.Logging.Abstractions": "3.1.5",
          "Microsoft.Extensions.Options": "3.1.5",
          "Microsoft.Extensions.Options.ConfigurationExtensions": "3.1.5"
        }
      },
      "FirebaseAdmin": {
        "type": "Direct",
        "requested": "[2.3.0, )",
        "resolved": "2.3.0",
        "contentHash": "ror9V68bFWdr3VXoCPQrAAJ1ZA8dyLzIHJvy53BmoD83Ze9VuWC9hPBicPqqOANP3VTMWnylC7xci59UEMuU4A==",
        "dependencies": {
          "Google.Api.Gax.Rest": "3.2.0",
          "Google.Apis.Auth": "1.49.0",
          "System.Collections.Immutable": "1.7.1"
        }
      },
      "iTextSharp": {
        "type": "Direct",
        "requested": "[5.5.13.4, )",
        "resolved": "5.5.13.4",
        "contentHash": "/cvCNv8AJ+XuD99u4NfHSSxkBJKTdvP36wcfQF9V1Cjzi1ycyFSa4vJ64a3DhFVUTKVO60WF8OmAqngQDTHgYA==",
        "dependencies": {
          "BouncyCastle.Cryptography": "2.4.0"
        }
      },
      "MailKit": {
        "type": "Direct",
        "requested": "[3.5.0, )",
        "resolved": "3.5.0",
        "contentHash": "7tvc+Um6JWOgvAv4I7DhPEDbHVaRH06m1ECZoJw2n9cyBcCZbyZy4AhVhTxGjM/vFYogh+UDboOnn7xd7WRV1Q==",
        "dependencies": {
          "MimeKit": "3.5.0"
        }
      },
      "Microsoft.AspNetCore.DataProtection.EntityFrameworkCore": {
        "type": "Direct",
        "requested": "[8.0.10, )",
        "resolved": "8.0.10",
        "contentHash": "y52y8/PA1O9K1hGfGFrmXVdm+F9OudIGvRIWz4hRAZaY9JsFBB6OICYPHYLyl1QcETi3VGml5Gu1KmtUWMtTQA==",
        "dependencies": {
          "Microsoft.AspNetCore.DataProtection": "8.0.10",
          "Microsoft.EntityFrameworkCore": "8.0.10"
        }
      },
      "Microsoft.EntityFrameworkCore.Design": {
        "type": "Direct",
        "requested": "[9.0.10, )",
        "resolved": "9.0.10",
        "contentHash": "8rdqmG0cV8uHPkX26rSQbGljzGJC7+sfWDXyV0f6TuR0YkUR46ztzH//xNTnB9zgEs6NUyOemAcspmkucH0pcw==",
        "dependencies": {
          "Humanizer.Core": "2.14.1",
          "Microsoft.Build.Framework": "17.8.3",
          "Microsoft.Build.Locator": "1.7.8",
          "Microsoft.CodeAnalysis.CSharp": "4.8.0",
          "Microsoft.CodeAnalysis.CSharp.Workspaces": "4.8.0",
          "Microsoft.CodeAnalysis.Workspaces.MSBuild": "4.8.0",
          "Microsoft.EntityFrameworkCore.Relational": "9.0.10",
          "Microsoft.Extensions.Caching.Memory": "9.0.10",
          "Microsoft.Extensions.Configuration.Abstractions": "9.0.10",
          "Microsoft.Extensions.DependencyModel": "9.0.10",
          "Microsoft.Extensions.Logging": "9.0.10",
          "Mono.TextTemplating": "3.0.0",
          "System.Text.Json": "9.0.10"
        }
      },
      "Microsoft.EntityFrameworkCore.Relational": {
        "type": "Direct",
        "requested": "[9.0.10, )",
        "resolved": "9.0.10",
        "contentHash": "IJNrG5vdmFUvHR8FLLFg9AWpuE8qW1DTEN+fNLGbNTu6cnpZzzqU6+aknAGtTSAEVWosJ3BZ3TOO9wpifUvv3A==",
        "dependencies": {
          "Microsoft.EntityFrameworkCore": "9.0.10",
          "Microsoft.Extensions.Caching.Memory": "9.0.10",
          "Microsoft.Extensions.Configuration.Abstractions": "9.0.10",
          "Microsoft.Extensions.Logging": "9.0.10"
        }
      },
      "Microsoft.EntityFrameworkCore.Tools": {
        "type": "Direct",
        "requested": "[9.0.10, )",
        "resolved": "9.0.10",
        "contentHash": "lFM5KSu1CCla1+wzhjwo5Ex/idUxbdZApKD9yNUbmcCBgW1SJ8E8mz7ECOf5gaCjjjII8f5ztJAmUt5Ez8koAQ==",
        "dependencies": {
          "Microsoft.EntityFrameworkCore.Design": "9.0.10"
        }
      },
      "MimeKit": {
        "type": "Direct",
        "requested": "[4.7.1, )",
        "resolved": "4.7.1",
        "contentHash": "Qoj4aVvhX14A1FNvaJ33hzOP4VZI2j+Mr38I9wSGcjMq4BYDtWLJG89aJ9nRW2cNfH6Czjwyp7+Mh++xv3AZvg==",
        "dependencies": {
          "BouncyCastle.Cryptography": "2.4.0",
          "System.Formats.Asn1": "8.0.1",
          "System.Security.Cryptography.Pkcs": "8.0.0"
        }
      },
      "Newtonsoft.Json": {
        "type": "Direct",
        "requested": "[13.0.3, )",
        "resolved": "13.0.3",
        "contentHash": "HrC5BXdl00IP9zeV+0Z848QWPAoCr9P3bDEZguI+gkLcBKAOxix/tLEAAHC+UvDNPv4a2d18lOReHMOagPa+zQ=="
      },
      "NLog.Web.AspNetCore": {
        "type": "Direct",
        "requested": "[4.14.0, )",
        "resolved": "4.14.0",
        "contentHash": "5fTviEu/f+mIxucGHmcx1q/mtJGo8EZbxACD57H4iJPZbLaD0LsLxMB2xDCxDO9uexlnfMMDoryq1nFdrl/C6A==",
        "dependencies": {
          "NLog.Extensions.Logging": "1.7.4"
        }
      },
      "Npgsql.EntityFrameworkCore.PostgreSQL": {
        "type": "Direct",
        "requested": "[9.0.4, )",
        "resolved": "9.0.4",
        "contentHash": "mw5vcY2IEc7L+IeGrxpp/J5OSnCcjkjAgJYCm/eD52wpZze8zsSifdqV7zXslSMmfJG2iIUGZyo3KuDtEFKwMQ==",
        "dependencies": {
          "Microsoft.EntityFrameworkCore": "[9.0.1, 10.0.0)",
          "Microsoft.EntityFrameworkCore.Relational": "[9.0.1, 10.0.0)",
          "Npgsql": "9.0.3"
        }
      },
      "Otp.NET": {
        "type": "Direct",
        "requested": "[1.2.2, )",
        "resolved": "1.2.2",
        "contentHash": "2hrZfkbzeWJ3tNXXt/1beg4IY+nS4F3gIfh4NVFvW0f6Pj51hGpiJ4prBz7Dmrr4ZYrA96rTERVGieZ4xYm7jA=="
      },
      "PeterO.Cbor": {
        "type": "Direct",
        "requested": "[4.5.5, )",
        "resolved": "4.5.5",
        "contentHash": "9fMcLg2SUm9ri1j3gVPYxk6+Ev4l4wu93bYwFG1tvntg1Qy4m0rFDdxStG88XR/W4DggOtBXfPVkC3bLF10nqw==",
        "dependencies": {
          "PeterO.Numbers": "1.8.2",
          "PeterO.URIUtility": "1.0.0"
        }
      },
      "Polly": {
        "type": "Direct",
        "requested": "[7.2.3, )",
        "resolved": "7.2.3",
        "contentHash": "DeCY0OFbNdNxsjntr1gTXHJ5pKUwYzp04Er2LLeN3g6pWhffsGuKVfMBLe1lw7x76HrPkLxKEFxBlpRxS2nDEQ=="
      },
      "Pomelo.EntityFrameworkCore.MySql": {
        "type": "Direct",
        "requested": "[9.0.0, )",
        "resolved": "9.0.0",
        "contentHash": "cl7S4s6CbJno0LjNxrBHNc2xxmCliR5i40ATPZk/eTywVaAbHCbdc9vbGc3QThvwGjHqrDHT8vY9m1VF/47o0g==",
        "dependencies": {
          "Microsoft.EntityFrameworkCore.Relational": "[9.0.0, 9.0.999]",
          "MySqlConnector": "2.4.0"
        }
      },
      "RabbitMQ.Client": {
        "type": "Direct",
        "requested": "[6.2.4, )",
        "resolved": "6.2.4",
        "contentHash": "ttM7F+Ymb00EyQ25UCC44djr5GN/+cZNey2B3xD6JdJQQx7UcCtHdKBCE09zcmWuB+Afp07tFzetE14l/U8xQw==",
        "dependencies": {
          "System.Memory": "4.5.4",
          "System.Threading.Channels": "4.7.1"
        }
      },
      "StackExchange.Redis": {
        "type": "Direct",
        "requested": "[2.5.61, )",
        "resolved": "2.5.61",
        "contentHash": "h1Gz4itrHL/PQ0GBLTEiPK8bBkOp5SFO6iaRFSSn/x1qltBWENsz/NUxPid6WHX9yf2Tiyzn9D3R7mtnksODxg==",
        "dependencies": {
          "Pipelines.Sockets.Unofficial": "2.2.2",
          "System.Diagnostics.PerformanceCounter": "5.0.0"
        }
      },
      "System.Drawing.Common": {
        "type": "Direct",
        "requested": "[10.0.3, )",
        "resolved": "10.0.3",
        "contentHash": "bJlT89G7EqMpiLCvIPmb7BHpcSxjVeFsahRyQk3/mrUt5YgHKiFcEv88db97gKcpRn5opxfBwI0ohUmJlxuGJg==",
        "dependencies": {
          "Microsoft.Win32.SystemEvents": "10.0.3"
        }
      },
      "System.IdentityModel.Tokens.Jwt": {
        "type": "Direct",
        "requested": "[8.16.0, )",
        "resolved": "8.16.0",
        "contentHash": "rrs2u7DRMXQG2yh0oVyF/vLwosfRv20Ld2iEpYcKwQWXHjfV+gFXNQsQ9p008kR9Ou4pxBs68Q6/9zC8Gi1wjg==",
        "dependencies": {
          "Microsoft.IdentityModel.JsonWebTokens": "8.16.0",
          "Microsoft.IdentityModel.Tokens": "8.16.0"
        }
      },
      "VaultSharp": {
        "type": "Direct",
        "requested": "[1.17.5.1, )",
        "resolved": "1.17.5.1",
        "contentHash": "1O/F+AQCkyK4K709pBDYEbDDfJ12OlaE5lnOs9dffq+KxqrnPxh8FIdQtEst9yBJmC7I0BptftzTJyRSwhZR/A=="
      },
      "AWSSDK.Core": {
        "type": "Transitive",
        "resolved": "4.0.3.12",
        "contentHash": "/FyE96xV2qJLgJN++ZW8M7udRf2NBLoku9AkEHLQqpH9uv0r0QQK2sw2pF3OvzKnuKsyp+Mx5wYwgFXPLnBb9g=="
      },
      "BouncyCastle.Cryptography": {
        "type": "Transitive",
        "resolved": "2.4.0",
        "contentHash": "SwXsAV3sMvAU/Nn31pbjhWurYSjJ+/giI/0n6tCrYoupEK34iIHCuk3STAd9fx8yudM85KkLSVdn951vTng/vQ=="
      },
      "Fido2": {
        "type": "Transitive",
        "resolved": "2.0.2",
        "contentHash": "IvE4Sv2QgZrzUXkMk3zZqJavO8bSLObSOv01wv2ZfuFw5tpfcOST36AZ5DStkn6bQukECD8ZFAAidkKfKcxzbw==",
        "dependencies": {
          "Fido2.Models": "2.0.2",
          "NSec.Cryptography": "20.2.0",
          "Newtonsoft.Json": "12.0.3",
          "PeterO.Cbor": "4.1.3",
          "System.IdentityModel.Tokens.Jwt": "6.6.0",
          "System.Memory": "4.5.4",
          "System.Security.Cryptography.Cng": "4.7.0"
        }
      },
      "Fido2.Models": {
        "type": "Transitive",
        "resolved": "2.0.2",
        "contentHash": "8+rS1zUN3/FFAEYVSwHuNQpioSlxPeUKWircpAqQOtlS98g9/ZyLXTrt10Uvw1LWqtMEmrhivoz5ZvjN6d7ZKw==",
        "dependencies": {
          "Newtonsoft.Json": "12.0.3"
        }
      },
      "Google.Api.Gax": {
        "type": "Transitive",
        "resolved": "3.2.0",
        "contentHash": "0OjahFAHTOoprSgvJiQ6/fIQLrUYU4QIFgkuJ51/lcmhZbuXxB3ycPk3JTVEvx6A5yQBL14wgmHgwXLcEsnu3Q==",
        "dependencies": {
          "Microsoft.Bcl.AsyncInterfaces": "1.0.0",
          "Newtonsoft.Json": "12.0.3"
        }
      },
      "Google.Api.Gax.Rest": {
        "type": "Transitive",
        "resolved": "3.2.0",
        "contentHash": "YY4mD0nGxTx1uez7Perm+zAd3FH50dd3+7HTYsRFCywDEtj3RkrMjcAmw6mNpKkw2sRICu7aYNy1mgMjd3nVbw==",
        "dependencies": {
          "Google.Api.Gax": "3.2.0",
          "Google.Apis.Auth": "[1.48.0, 2.0.0)"
        }
      },
      "Google.Apis": {
        "type": "Transitive",
        "resolved": "1.49.0",
        "contentHash": "fmXQQTxZFOBlnvokvdQMzq0Lt+g2QzpZ4H6U8lMMFHgAR8ZqxQnPN5yHDpoHf7a++hJHb5W3pALxauGsq+afKQ==",
        "dependencies": {
          "Google.Apis.Core": "1.49.0"
        }
      },
      "Google.Apis.Auth": {
        "type": "Transitive",
        "resolved": "1.49.0",
        "contentHash": "3V9ohvixQtjaEvk7T9Ac7E/KvwEPa7eL4aMNreJDI0CEPzCdQdk2zCvaJPRrNIjhe+UuBeOeom1oAOMFB74JHg==",
        "dependencies": {
          "Google.Apis": "1.49.0",
          "Google.Apis.Core": "1.49.0"
        }
      },
      "Google.Apis.Core": {
        "type": "Transitive",
        "resolved": "1.49.0",
        "contentHash": "9DgGdtyzgrCfHWwc/HiDXDbykNMeKQozbEHYEUEcezRuH+YR3fvq7YGVBDmUM8g6qEL3kDk6h5EU4h0IJwue1w==",
        "dependencies": {
          "Newtonsoft.Json": "12.0.3"
        }
      },
      "Humanizer.Core": {
        "type": "Transitive",
        "resolved": "2.14.1",
        "contentHash": "lQKvtaTDOXnoVJ20ibTuSIOf2i0uO0MPbDhd1jm238I+U/2ZnRENj0cktKZhtchBMtCUSRQ5v4xBCUbKNmyVMw=="
      },
      "librdkafka.redist": {
        "type": "Transitive",
        "resolved": "2.12.0",
        "contentHash": "CZpY6RW/RVWtVUiwHIQCWHeyXHjt1cSlwdxJapx1jlr3z3T1Jwk/RdtEo2FyRL6PvELDO4NhZvaWs6BXdwCVDw=="
      },
      "libsodium": {
        "type": "Transitive",
        "resolved": "1.0.18",
        "contentHash": "Ajv3AR9Qg/C4SQcE2ONx/UieeKnn5lSvVNc6egC3p6NP6qjZzWJ+Xg2vJURNYjkpHui/KctBwQjMPqpZK8/CHA==",
        "dependencies": {
          "Microsoft.NETCore.Platforms": "1.0.1"
        }
      },
      "Microsoft.AspNetCore.Cryptography.Internal": {
        "type": "Transitive",
        "resolved": "8.0.10",
        "contentHash": "MT/jvNoiXUB82drzqtqZqyAfxQH2b0kpEyjjMYrSLmqgAvBkMEKJelbqHazEo5Lxtq43uquPgeBtTuSrVog5lQ=="
      },
      "Microsoft.AspNetCore.DataProtection": {
        "type": "Transitive",
        "resolved": "8.0.10",
        "contentHash": "6UtyAG/78Re6TUb5PXZAqoy+2ZSwEToN3jAP3KcX6pB9NbDXSJX9SnGsAOkqDLLsu3I/AoXqaiVQtBEDtq8Iww==",
        "dependencies": {
          "Microsoft.AspNetCore.Cryptography.Internal": "8.0.10",
          "Microsoft.AspNetCore.DataProtection.Abstractions": "8.0.10",
          "Microsoft.Extensions.DependencyInjection.Abstractions": "8.0.2",
          "Microsoft.Extensions.Hosting.Abstractions": "8.0.1",
          "Microsoft.Extensions.Logging.Abstractions": "8.0.2",
          "Microsoft.Extensions.Options": "8.0.2",
          "System.Security.Cryptography.Xml": "8.0.2"
        }
      },
      "Microsoft.AspNetCore.DataProtection.Abstractions": {
        "type": "Transitive",
        "resolved": "8.0.10",
        "contentHash": "tDA68PYc0M/gyijcERsC3E1anqRpOmmmWJqpHmbbmrv6h/IjelnwzKaQwXdeJ36sEyB7dRuteC+j3fKyl/J/7A=="
      },
      "Microsoft.Bcl.AsyncInterfaces": {
        "type": "Transitive",
        "resolved": "7.0.0",
        "contentHash": "3aeMZ1N0lJoSyzqiP03hqemtb1BijhsJADdobn/4nsMJ8V1H+CrpuduUe4hlRdx+ikBQju1VGjMD1GJ3Sk05Eg=="
      },
      "Microsoft.Build.Framework": {
        "type": "Transitive",
        "resolved": "17.8.3",
        "contentHash": "NrQZJW8TlKVPx72yltGb8SVz3P5mNRk9fNiD/ao8jRSk48WqIIdCn99q4IjlVmPcruuQ+yLdjNQLL8Rb4c916g=="
      },
      "Microsoft.Build.Locator": {
        "type": "Transitive",
        "resolved": "1.7.8",
        "contentHash": "sPy10x527Ph16S2u0yGME4S6ohBKJ69WfjeGG/bvELYeZVmJdKjxgnlL8cJJJLGV/cZIRqSfB12UDB8ICakOog=="
      },
      "Microsoft.CodeAnalysis.Analyzers": {
        "type": "Transitive",
        "resolved": "3.3.4",
        "contentHash": "AxkxcPR+rheX0SmvpLVIGLhOUXAKG56a64kV9VQZ4y9gR9ZmPXnqZvHJnmwLSwzrEP6junUF11vuc+aqo5r68g=="
      },
      "Microsoft.CodeAnalysis.Common": {
        "type": "Transitive",
        "resolved": "4.8.0",
        "contentHash": "/jR+e/9aT+BApoQJABlVCKnnggGQbvGh7BKq2/wI1LamxC+LbzhcLj4Vj7gXCofl1n4E521YfF9w0WcASGg/KA==",
        "dependencies": {
          "Microsoft.CodeAnalysis.Analyzers": "3.3.4",
          "System.Collections.Immutable": "7.0.0",
          "System.Reflection.Metadata": "7.0.0",
          "System.Runtime.CompilerServices.Unsafe": "6.0.0"
        }
      },
      "Microsoft.CodeAnalysis.CSharp": {
        "type": "Transitive",
        "resolved": "4.8.0",
        "contentHash": "+3+qfdb/aaGD8PZRCrsdobbzGs1m9u119SkkJt8e/mk3xLJz/udLtS2T6nY27OTXxBBw10HzAbC8Z9w08VyP/g==",
        "dependencies": {
          "Microsoft.CodeAnalysis.Common": "[4.8.0]"
        }
      },
      "Microsoft.CodeAnalysis.CSharp.Workspaces": {
        "type": "Transitive",
        "resolved": "4.8.0",
        "contentHash": "3amm4tq4Lo8/BGvg9p3BJh3S9nKq2wqCXfS7138i69TUpo/bD+XvD0hNurpEBtcNZhi1FyutiomKJqVF39ugYA==",
        "dependencies": {
          "Humanizer.Core": "2.14.1",
          "Microsoft.CodeAnalysis.CSharp": "[4.8.0]",
          "Microsoft.CodeAnalysis.Common": "[4.8.0]",
          "Microsoft.CodeAnalysis.Workspaces.Common": "[4.8.0]"
        }
      },
      "Microsoft.CodeAnalysis.Workspaces.Common": {
        "type": "Transitive",
        "resolved": "4.8.0",
        "contentHash": "LXyV+MJKsKRu3FGJA3OmSk40OUIa/dQCFLOnm5X8MNcujx7hzGu8o+zjXlb/cy5xUdZK2UKYb9YaQ2E8m9QehQ==",
        "dependencies": {
          "Humanizer.Core": "2.14.1",
          "Microsoft.Bcl.AsyncInterfaces": "7.0.0",
          "Microsoft.CodeAnalysis.Common": "[4.8.0]",
          "System.Composition": "7.0.0",
          "System.IO.Pipelines": "7.0.0",
          "System.Threading.Channels": "7.0.0"
        }
      },
      "Microsoft.CodeAnalysis.Workspaces.MSBuild": {
        "type": "Transitive",
        "resolved": "4.8.0",
        "contentHash": "IEYreI82QZKklp54yPHxZNG9EKSK6nHEkeuf+0Asie9llgS1gp0V1hw7ODG+QyoB7MuAnNQHmeV1Per/ECpv6A==",
        "dependencies": {
          "Microsoft.Build.Framework": "16.10.0",
          "Microsoft.CodeAnalysis.Common": "[4.8.0]",
          "Microsoft.CodeAnalysis.Workspaces.Common": "[4.8.0]",
          "System.Text.Json": "7.0.3"
        }
      },
      "Microsoft.EntityFrameworkCore": {
        "type": "Transitive",
        "resolved": "9.0.10",
        "contentHash": "WjjxVyOTVs85V7SUe+lZjtGOEeVzF4RO8amrqL4adgbyThNq7vGCFzPw8buZj44gHeQYD5V/uZ/6XuqG9Jq+kA==",
        "dependencies": {
          "Microsoft.EntityFrameworkCore.Abstractions": "9.0.10",
          "Microsoft.EntityFrameworkCore.Analyzers": "9.0.10",
          "Microsoft.Extensions.Caching.Memory": "9.0.10",
          "Microsoft.Extensions.Logging": "9.0.10"
        }
      },
      "Microsoft.EntityFrameworkCore.Abstractions": {
        "type": "Transitive",
        "resolved": "9.0.10",
        "contentHash": "I3TWAs5Lbzmzu8S0T6qXhzBiO3CznYLrfE59W0npkqNHfWGH8CgA66LrHMWxWOXVTD4145QwYqiWNCdLwpJ1Ew=="
      },
      "Microsoft.EntityFrameworkCore.Analyzers": {
        "type": "Transitive",
        "resolved": "9.0.10",
        "contentHash": "mXNl0Gg3l3zGrClLCHepB+b7rYVuFfB9qQJwya0dUSHFuR1T0jMD8KxuNVyhQSfoWIepanhzjcG8TUNGXOcU0Q=="
      },
      "Microsoft.Extensions.Caching.Abstractions": {
        "type": "Transitive",
        "resolved": "9.0.10",
        "contentHash": "cL6iTxgJ4u5zP3eFOdBiDAtmE/B2WKTRhyJfEne7n6qvHpsMwwIDxljs210mWSO1ucBy7lR1Lo7/7kjeZeLcqQ==",
        "dependencies": {
          "Microsoft.Extensions.Primitives": "9.0.10"
        }
      },
      "Microsoft.Extensions.Caching.Memory": {
        "type": "Transitive",
        "resolved": "9.0.10",
        "contentHash": "2iuzwIoCoqZJfH2VLk1xvlQS4PQDEuhj4dWiGb+Qpt1vHFHyffp497cTO6ucsV54W/h4JmM1vzDBv8pVAFazZg==",
        "dependencies": {
          "Microsoft.Extensions.Caching.Abstractions": "9.0.10",
          "Microsoft.Extensions.DependencyInjection.Abstractions": "9.0.10",
          "Microsoft.Extensions.Logging.Abstractions": "9.0.10",
          "Microsoft.Extensions.Options": "9.0.10",
          "Microsoft.Extensions.Primitives": "9.0.10"
        }
      },
      "Microsoft.Extensions.Configuration": {
        "type": "Transitive",
        "resolved": "3.1.5",
        "contentHash": "LZfdAP8flK4hkaniUv6TlstDX9FXLmJMX1A4mpLghAsZxTaJIgf+nzBNiPRdy/B5Vrs74gRONX3JrIUJQrebmA==",
        "dependencies": {
          "Microsoft.Extensions.Configuration.Abstractions": "3.1.5"
        }
      },
      "Microsoft.Extensions.Configuration.Abstractions": {
        "type": "Transitive",
        "resolved": "9.0.10",
        "contentHash": "ad3JxmFj0uxuFa1CT6oxTCC1lQ0xeRuOvzBRFT/I/ofIXVOnNsH/v2GZkAJWhlpZqKUvSexQZzp3EEAB2CdtJg==",
        "dependencies": {
          "Microsoft.Extensions.Primitives": "9.0.10"
        }
      },
      "Microsoft.Extensions.Configuration.Binder": {
        "type": "Transitive",
        "resolved": "3.1.5",
        "contentHash": "ZR/zjBxkvdnnWhRoBHDT95uz1ZgJFhv1QazmKCIcDqy/RXqi+6dJ/PfxDhEnzPvk9HbkcGfFsPEu1vSIyxDqBQ==",
        "dependencies": {
          "Microsoft.Extensions.Configuration": "3.1.5"
        }
      },
      "Microsoft.Extensions.DependencyInjection": {
        "type": "Transitive",
        "resolved": "9.0.10",
        "contentHash": "iEtXCkNd5XhjNJAOb/wO4IhDRdLIE2CsPxZggZQWJ/q2+sa8dmEPC393nnsiqdH8/4KV8Xn25IzgKPR1UEQ0og==",
        "dependencies": {
          "Microsoft.Extensions.DependencyInjection.Abstractions": "9.0.10"
        }
      },
      "Microsoft.Extensions.DependencyInjection.Abstractions": {
        "type": "Transitive",
        "resolved": "9.0.10",
        "contentHash": "r9waLiOPe9ZF1PvzUT+RDoHvpMmY8MW+lb4lqjYGObwKpnyPMLI3odVvlmshwuZcdoHynsGWOrCPA0hxZ63lIA=="
      },
      "Microsoft.Extensions.DependencyModel": {
        "type": "Transitive",
        "resolved": "9.0.10",
        "contentHash": "qCIWxEPt6Y9Z/Vx2R6JsfX7pwxIHC2GYlkcFbTox3MpsiNexyLkvPFTNsfmAaKpjTZ6FhNmvY3BdrwLX4+X0cQ==",
        "dependencies": {
          "System.Text.Encodings.Web": "9.0.10",
          "System.Text.Json": "9.0.10"
        }
      },
      "Microsoft.Extensions.Diagnostics.Abstractions": {
        "type": "Transitive",
        "resolved": "8.0.1",
        "contentHash": "elH2vmwNmsXuKmUeMQ4YW9ldXiF+gSGDgg1vORksob5POnpaI6caj1Hu8zaYbEuibhqCoWg0YRWDazBY3zjBfg==",
        "dependencies": {
          "Microsoft.Extensions.DependencyInjection.Abstractions": "8.0.2",
          "Microsoft.Extensions.Options": "8.0.2"
        }
      },
      "Microsoft.Extensions.FileProviders.Abstractions": {
        "type": "Transitive",
        "resolved": "8.0.0",
        "contentHash": "ZbaMlhJlpisjuWbvXr4LdAst/1XxH3vZ6A0BsgTphZ2L4PGuxRLz7Jr/S7mkAAnOn78Vu0fKhEgNF5JO3zfjqQ==",
        "dependencies": {
          "Microsoft.Extensions.Primitives": "8.0.0"
        }
      },
      "Microsoft.Extensions.Hosting.Abstractions": {
        "type": "Transitive",
        "resolved": "8.0.1",
        "contentHash": "nHwq9aPBdBPYXPti6wYEEfgXddfBrYC+CQLn+qISiwQq5tpfaqDZSKOJNxoe9rfQxGf1c+2wC/qWFe1QYJPYqw==",
        "dependencies": {
          "Microsoft.Extensions.Configuration.Abstractions": "8.0.0",
          "Microsoft.Extensions.DependencyInjection.Abstractions": "8.0.2",
          "Microsoft.Extensions.Diagnostics.Abstractions": "8.0.1",
          "Microsoft.Extensions.FileProviders.Abstractions": "8.0.0",
          "Microsoft.Extensions.Logging.Abstractions": "8.0.2"
        }
      },
      "Microsoft.Extensions.Logging": {
        "type": "Transitive",
        "resolved": "9.0.10",
        "contentHash": "UBXHqE9vyptVhaFnT1R7YJKCve7TqVI10yjjUZBNGMlW2lZ4c031Slt9hxsOzWCzlpPxxIFyf1Yk4a6Iubxx7w==",
        "dependencies": {
          "Microsoft.Extensions.DependencyInjection": "9.0.10",
          "Microsoft.Extensions.Logging.Abstractions": "9.0.10",
          "Microsoft.Extensions.Options": "9.0.10"
        }
      },
      "Microsoft.Extensions.Logging.Abstractions": {
        "type": "Transitive",
        "resolved": "9.0.10",
        "contentHash": "MFUPv/nN1rAQ19w43smm6bbf0JDYN/1HEPHoiMYY50pvDMFpglzWAuoTavByDmZq7UuhjaxwrET3joU69ZHoHQ==",
        "dependencies": {
          "Microsoft.Extensions.DependencyInjection.Abstractions": "9.0.10",
          "System.Diagnostics.DiagnosticSource": "9.0.10"
        }
      },
      "Microsoft.Extensions.Options": {
        "type": "Transitive",
        "resolved": "9.0.10",
        "contentHash": "zMNABt8eBv0B0XrWjFy9nZNgddavaOeq3ZdaD5IlHhRH65MrU7HM+Hd8GjWE3e2VDGFPZFfSAc6XVXC17f9fOA==",
        "dependencies": {
          "Microsoft.Extensions.DependencyInjection.Abstractions": "9.0.10",
          "Microsoft.Extensions.Primitives": "9.0.10"
        }
      },
      "Microsoft.Extensions.Options.ConfigurationExtensions": {
        "type": "Transitive",
        "resolved": "3.1.5",
        "contentHash": "mgM+JHFeRg3zSRjScVADU/mohY8s0czKRTNT9oszWgX1mlw419yqP6ITCXovPopMXiqzRdkZ7AEuErX9K+ROww==",
        "dependencies": {
          "Microsoft.Extensions.Configuration.Abstractions": "3.1.5",
          "Microsoft.Extensions.Configuration.Binder": "3.1.5",
          "Microsoft.Extensions.DependencyInjection.Abstractions": "3.1.5",
          "Microsoft.Extensions.Options": "3.1.5"
        }
      },
      "Microsoft.Extensions.Primitives": {
        "type": "Transitive",
        "resolved": "9.0.10",
        "contentHash": "3pl8D1O5ZwMpDkZAT2uXrhQ6NipkwEgDLMFuURiHTf72TvkoMP61QYH3Vk1yrzVHnHBdNZk3cQACz8Zc7YGNhQ=="
      },
      "Microsoft.IdentityModel.Abstractions": {
        "type": "Transitive",
        "resolved": "8.16.0",
        "contentHash": "gSxKLWRZzBpIsEoeUPkxfywNCCvRvl7hkq146XHPk5vOQc9izSf1I+uL1vh4y2U19QPxd9Z8K/8AdWyxYz2lSg=="
      },
      "Microsoft.IdentityModel.JsonWebTokens": {
        "type": "Transitive",
        "resolved": "8.16.0",
        "contentHash": "prBU72cIP4V8E9fhN+o/YdskTsLeIcnKPbhZf0X6mD7fdxoZqnS/NdEkSr+9Zp+2q7OZBOMfNBKGbTbhXODO4w==",
        "dependencies": {
          "Microsoft.IdentityModel.Tokens": "8.16.0"
        }
      },
      "Microsoft.IdentityModel.Logging": {
        "type": "Transitive",
        "resolved": "8.16.0",
        "contentHash": "MTzXmETkNQPACR7/XCXM1OGM6oU9RkyibqeJRtO9Ndew2LnGjMf9Atqj2VSf4XC27X0FQycUAlzxxEgQMWn2xQ==",
        "dependencies": {
          "Microsoft.IdentityModel.Abstractions": "8.16.0"
        }
      },
      "Microsoft.IdentityModel.Tokens": {
        "type": "Transitive",
        "resolved": "8.16.0",
        "contentHash": "rtViGJcGsN7WcfUNErwNeQgjuU5cJNl6FDQsfi9TncwO+Epzn0FTfBsg3YuFW1Q0Ch/KPxaVdjLw3/+5Z5ceFQ==",
        "dependencies": {
          "Microsoft.Extensions.Logging.Abstractions": "8.0.0",
          "Microsoft.IdentityModel.Logging": "8.16.0"
        }
      },
      "Microsoft.NETCore.Platforms": {
        "type": "Transitive",
        "resolved": "5.0.0",
        "contentHash": "VyPlqzH2wavqquTcYpkIIAQ6WdenuKoFN0BdYBbCWsclXacSOHNQn66Gt4z5NBqEYW0FAPm5rlvki9ZiCij5xQ=="
      },
      "Microsoft.Win32.Registry": {
        "type": "Transitive",
        "resolved": "5.0.0",
        "contentHash": "dDoKi0PnDz31yAyETfRntsLArTlVAVzUzCIvvEDsDsucrl33Dl8pIJG06ePTJTI3tGpeyHS9Cq7Foc/s4EeKcg==",
        "dependencies": {
          "System.Security.AccessControl": "5.0.0",
          "System.Security.Principal.Windows": "5.0.0"
        }
      },
      "Microsoft.Win32.SystemEvents": {
        "type": "Transitive",
        "resolved": "10.0.3",
        "contentHash": "gYpwz5Gl0rs9pEFHBKctLbSi7SUGR4L1uRjXkU488nizWd2hvo2JP2+ATUsv0th7v6LDiXfdlUsnTbvC2MauFA=="
      },
      "Mono.TextTemplating": {
        "type": "Transitive",
        "resolved": "3.0.0",
        "contentHash": "YqueG52R/Xej4VVbKuRIodjiAhV0HR/XVbLbNrJhCZnzjnSjgMJ/dCdV0akQQxavX6hp/LC6rqLGLcXeQYU7XA==",
        "dependencies": {
          "System.CodeDom": "6.0.0"
        }
      },
      "MySqlConnector": {
        "type": "Transitive",
        "resolved": "2.4.0",
        "contentHash": "78M+gVOjbdZEDIyXQqcA7EYlCGS3tpbUELHvn6638A2w0pkPI625ixnzsa5staAd3N9/xFmPJtkKDYwsXpFi/w==",
        "dependencies": {
          "Microsoft.Extensions.DependencyInjection.Abstractions": "8.0.2",
          "Microsoft.Extensions.Logging.Abstractions": "8.0.2"
        }
      },
      "NLog": {
        "type": "Transitive",
        "resolved": "4.7.11",
        "contentHash": "A7EpoOjWesV5BPx1cOiBndazZq1VGdagIs6oK8ttcRDl5adCMtHiTqnsD5yYaOrMxOQeCjHBf/w3nKzCmhGbgw=="
      },
      "NLog.Extensions.Logging": {
        "type": "Transitive",
        "resolved": "1.7.4",
        "contentHash": "/dMxI/lBPNhKe9uONCQaZ3JYSHJh9/yez4Uqc6yIo2hIGaoi8sbQg7WQqW5/1WAIquhrG/SeCEZUTGMiRSQAHw==",
        "dependencies": {
          "Microsoft.Extensions.Configuration.Abstractions": "5.0.0",
          "Microsoft.Extensions.Logging": "5.0.0",
          "NLog": "4.7.11"
        }
      },
      "Npgsql": {
        "type": "Transitive",
        "resolved": "9.0.3",
        "contentHash": "tPvY61CxOAWxNsKLEBg+oR646X4Bc8UmyQ/tJszL/7mEmIXQnnBhVJZrZEEUv0Bstu0mEsHZD5At3EO8zQRAYw==",
        "dependencies": {
          "Microsoft.Extensions.Logging.Abstractions": "8.0.2"
        }
      },
      "NSec.Cryptography": {
        "type": "Transitive",
        "resolved": "20.2.0",
        "contentHash": "NxzHaDQm3JfH+9VQdLI1bC4h/ZTKPo5o/4BEscBu4KK0Yv35sB87hSRuzpr09VahxY5ZpJfE2tHyK4u27jfiyQ==",
        "dependencies": {
          "System.Runtime.CompilerServices.Unsafe": "4.7.0",
          "libsodium": "[1.0.18, 1.0.19)"
        }
      },
      "PeterO.Numbers": {
        "type": "Transitive",
        "resolved": "1.8.2",
        "contentHash": "d+A5KLoWbwOTpvubPaGXLgCzANE00jXmsT+yneHwLe2OlobBBFLaIHyoDwmekuHM17z9hU++RF6mL+zZ2x69nA=="
      },
      "PeterO.URIUtility": {
        "type": "Transitive",
        "resolved": "1.0.0",
        "contentHash": "fpRTBsYACMp7NvTECauYRomubWTC3vUNw4hMXdIedP8ctBGK6tea9HOJwE+qVzis6MZYkL3LIs8qeY3rc6Jdlw=="
      },
      "Pipelines.Sockets.Unofficial": {
        "type": "Transitive",
        "resolved": "2.2.2",
        "contentHash": "Bhk0FWxH1paI+18zr1g5cTL+ebeuDcBCR+rRFO+fKEhretgjs7MF2Mc1P64FGLecWp4zKCUOPzngBNrqVyY7Zg==",
        "dependencies": {
          "System.IO.Pipelines": "5.0.1"
        }
      },
      "System.CodeDom": {
        "type": "Transitive",
        "resolved": "6.0.0",
        "contentHash": "CPc6tWO1LAer3IzfZufDBRL+UZQcj5uS207NHALQzP84Vp/z6wF0Aa0YZImOQY8iStY0A2zI/e3ihKNPfUm8XA=="
      },
      "System.Collections.Immutable": {
        "type": "Transitive",
        "resolved": "7.0.0",
        "contentHash": "dQPcs0U1IKnBdRDBkrCTi1FoajSTBzLcVTpjO4MBCMC7f4pDOIPzgBoX8JjG7X6uZRJ8EBxsi8+DR1JuwjnzOQ=="
      },
      "System.Composition": {
        "type": "Transitive",
        "resolved": "7.0.0",
        "contentHash": "tRwgcAkDd85O8Aq6zHDANzQaq380cek9lbMg5Qma46u5BZXq/G+XvIYmu+UI+BIIZ9zssXLYrkTykEqxxvhcmg==",
        "dependencies": {
          "System.Composition.AttributedModel": "7.0.0",
          "System.Composition.Convention": "7.0.0",
          "System.Composition.Hosting": "7.0.0",
          "System.Composition.Runtime": "7.0.0",
          "System.Composition.TypedParts": "7.0.0"
        }
      },
      "System.Composition.AttributedModel": {
        "type": "Transitive",
        "resolved": "7.0.0",
        "contentHash": "2QzClqjElKxgI1jK1Jztnq44/8DmSuTSGGahXqQ4TdEV0h9s2KikQZIgcEqVzR7OuWDFPGLHIprBJGQEPr8fAQ=="
      },
      "System.Composition.Convention": {
        "type": "Transitive",
        "resolved": "7.0.0",
        "contentHash": "IMhTlpCs4HmlD8B+J8/kWfwX7vrBBOs6xyjSTzBlYSs7W4OET4tlkR/Sg9NG8jkdJH9Mymq0qGdYS1VPqRTBnQ==",
        "dependencies": {
          "System.Composition.AttributedModel": "7.0.0"
        }
      },
      "System.Composition.Hosting": {
        "type": "Transitive",
        "resolved": "7.0.0",
        "contentHash": "eB6gwN9S+54jCTBJ5bpwMOVerKeUfGGTYCzz3QgDr1P55Gg/Wb27ShfPIhLMjmZ3MoAKu8uUSv6fcCdYJTN7Bg==",
        "dependencies": {
          "System.Composition.Runtime": "7.0.0"
        }
      },
      "System.Composition.Runtime": {
        "type": "Transitive",
        "resolved": "7.0.0",
        "contentHash": "aZJ1Zr5Txe925rbo4742XifEyW0MIni1eiUebmcrP3HwLXZ3IbXUj4MFMUH/RmnJOAQiS401leg/2Sz1MkApDw=="
      },
      "System.Composition.TypedParts": {
        "type": "Transitive",
        "resolved": "7.0.0",
        "contentHash": "ZK0KNPfbtxVceTwh+oHNGUOYV2WNOHReX2AXipuvkURC7s/jPwoWfsu3SnDBDgofqbiWr96geofdQ2erm/KTHg==",
        "dependencies": {
          "System.Composition.AttributedModel": "7.0.0",
          "System.Composition.Hosting": "7.0.0",
          "System.Composition.Runtime": "7.0.0"
        }
      },
      "System.Configuration.ConfigurationManager": {
        "type": "Transitive",
        "resolved": "5.0.0",
        "contentHash": "aM7cbfEfVNlEEOj3DsZP+2g9NRwbkyiAv2isQEzw7pnkDg9ekCU2m1cdJLM02Uq691OaCS91tooaxcEn8d0q5w==",
        "dependencies": {
          "System.Security.Cryptography.ProtectedData": "5.0.0",
          "System.Security.Permissions": "5.0.0"
        }
      },
      "System.Diagnostics.DiagnosticSource": {
        "type": "Transitive",
        "resolved": "9.0.10",
        "contentHash": "uIpKiKp7EWlYZBK71jYP+maGYjDY9YTi/FxBlZoqDzM1ZHZB7gLqUm4jHvRFwaKfR1/Lrt2rQih9LGPIKyNEow=="
      },
      "System.Diagnostics.PerformanceCounter": {
        "type": "Transitive",
        "resolved": "5.0.0",
        "contentHash": "kcQWWtGVC3MWMNXdMDWfrmIlFZZ2OdoeT6pSNVRtk9+Sa7jwdPiMlNwb0ZQcS7NRlT92pCfmjRtkSWUW3RAKwg==",
        "dependencies": {
          "Microsoft.NETCore.Platforms": "5.0.0",
          "Microsoft.Win32.Registry": "5.0.0",
          "System.Configuration.ConfigurationManager": "5.0.0",
          "System.Security.Principal.Windows": "5.0.0"
        }
      },
      "System.Formats.Asn1": {
        "type": "Transitive",
        "resolved": "8.0.1",
        "contentHash": "XqKba7Mm/koKSjKMfW82olQdmfbI5yqeoLV/tidRp7fbh5rmHAQ5raDI/7SU0swTzv+jgqtUGkzmFxuUg0it1A=="
      },
      "System.IO.Pipelines": {
        "type": "Transitive",
        "resolved": "9.0.10",
        "contentHash": "lwI0mhHcCxMtNSxB5ate9Gc9petWovRBUprtjz2yiIDDZPGBIaUiqNzQHJzjPuzTnvNbEMilpAXjDguKsU/2Fg=="
      },
      "System.Memory": {
        "type": "Transitive",
        "resolved": "4.5.4",
        "contentHash": "1MbJTHS1lZ4bS4FmsJjnuGJOu88ZzTT2rLvrhW7Ygic+pC0NWA+3hgAen0HRdsocuQXCkUTdFn9yHJJhsijDXw=="
      },
      "System.Reflection.Metadata": {
        "type": "Transitive",
        "resolved": "7.0.0",
        "contentHash": "MclTG61lsD9sYdpNz9xsKBzjsmsfCtcMZYXz/IUr2zlhaTaABonlr1ESeompTgM+Xk+IwtGYU7/voh3YWB/fWw==",
        "dependencies": {
          "System.Collections.Immutable": "7.0.0"
        }
      },
      "System.Runtime.CompilerServices.Unsafe": {
        "type": "Transitive",
        "resolved": "6.0.0",
        "contentHash": "/iUeP3tq1S0XdNNoMz5C9twLSrM/TH+qElHkXWaPvuNOt+99G75NrV0OS2EqHx5wMN7popYjpc8oTjC1y16DLg=="
      },
      "System.Security.AccessControl": {
        "type": "Transitive",
        "resolved": "5.0.0",
        "contentHash": "dagJ1mHZO3Ani8GH0PHpPEe/oYO+rVdbQjvjJkBRNQkX4t0r1iaeGn8+/ybkSLEan3/slM0t59SVdHzuHf2jmw==",
        "dependencies": {
          "Microsoft.NETCore.Platforms": "5.0.0",
          "System.Security.Principal.Windows": "5.0.0"
        }
      },
      "System.Security.Cryptography.Cng": {
        "type": "Transitive",
        "resolved": "4.7.0",
        "contentHash": "4WQjFuypWtxb/bl/YwEE7LYGn4fgpsikFfBU6xwEm4YBYiRAhXAEJ62lILBu2JJSFbClIAntFTGfDZafn8yZTg=="
      },
      "System.Security.Cryptography.Pkcs": {
        "type": "Transitive",
        "resolved": "8.0.1",
        "contentHash": "CoCRHFym33aUSf/NtWSVSZa99dkd0Hm7OCZUxORBjRB16LNhIEOf8THPqzIYlvKM0nNDAPTRBa1FxEECrgaxxA=="
      },
      "System.Security.Cryptography.ProtectedData": {
        "type": "Transitive",
        "resolved": "5.0.0",
        "contentHash": "HGxMSAFAPLNoxBvSfW08vHde0F9uh7BjASwu6JF9JnXuEPhCY3YUqURn0+bQV/4UWeaqymmrHWV+Aw9riQCtCA=="
      },
      "System.Security.Cryptography.Xml": {
        "type": "Transitive",
        "resolved": "8.0.2",
        "contentHash": "aDM/wm0ZGEZ6ZYJLzgqjp2FZdHbDHh6/OmpGfb7AdZ105zYmPn/83JRU2xLIbwgoNz9U1SLUTJN0v5th3qmvjA==",
        "dependencies": {
          "System.Security.Cryptography.Pkcs": "8.0.1"
        }
      },
      "System.Security.Permissions": {
        "type": "Transitive",
        "resolved": "5.0.0",
        "contentHash": "uE8juAhEkp7KDBCdjDIE3H9R1HJuEHqeqX8nLX9gmYKWwsqk3T5qZlPx8qle5DPKimC/Fy3AFTdV7HamgCh9qQ==",
        "dependencies": {
          "System.Security.AccessControl": "5.0.0",
          "System.Windows.Extensions": "5.0.0"
        }
      },
      "System.Security.Principal.Windows": {
        "type": "Transitive",
        "resolved": "5.0.0",
        "contentHash": "t0MGLukB5WAVU9bO3MGzvlGnyJPgUlcwerXn1kzBRjwLKixT96XV0Uza41W49gVd8zEMFu9vQEFlv0IOrytICA=="
      },
      "System.Text.Encodings.Web": {
        "type": "Transitive",
        "resolved": "9.0.10",
        "contentHash": "znmiJFUa0GGwq7t6ShUKBDRlPsNJaudNFI7rVeyGnRBhiRMegBvu2GRcadThP/QX/a5UpGgZbe6tolDooobj/Q=="
      },
      "System.Text.Json": {
        "type": "Transitive",
        "resolved": "9.0.10",
        "contentHash": "XM02ZBnzxk7Ti6l9YRy8Bp639wANqJzJzw4W4VYiCh+HXY9hBOWkGB4k89OLP/s/RxgM02P4a/mWcJTgFiLf1Q==",
        "dependencies": {
          "System.IO.Pipelines": "9.0.10",
          "System.Text.Encodings.Web": "9.0.10"
        }
      },
      "System.Threading.Channels": {
        "type": "Transitive",
        "resolved": "7.0.0",
        "contentHash": "qmeeYNROMsONF6ndEZcIQ+VxR4Q/TX/7uIVLJqtwIWL7dDWeh0l1UIqgo4wYyjG//5lUNhwkLDSFl+pAWO6oiA=="
      },
      "System.Windows.Extensions": {
        "type": "Transitive",
        "resolved": "5.0.0",
        "contentHash": "c1ho9WU9ZxMZawML+ssPKZfdnrg/OjR3pe0m9v8230z3acqphwvPJqzAkH54xRYm5ntZHGG1EPP3sux9H3qSPg==",
        "dependencies": {
          "System.Drawing.Common": "5.0.0"
        }
      },
      "dtportal.common": {
        "type": "Project",
        "dependencies": {
          "Confluent.Kafka": "[2.12.0, )",
          "Microsoft.EntityFrameworkCore.Relational": "[9.0.10, )",
          "NLog.Web.AspNetCore": "[4.14.0, )",
          "Npgsql.EntityFrameworkCore.PostgreSQL": "[9.0.4, )",
          "Pomelo.EntityFrameworkCore.MySql": "[9.0.0, )",
          "VaultSharp": "[1.17.5.1, )"
        }
      }
    }
  }
}